
Microsoft Visual Studio Solution File, Format Version 12.00
# Visual Studio Version 17
VisualStudioVersion = 17.3.32922.545
MinimumVisualStudioVersion = 10.0.40219.1
Project("{FAE04EC0-301F-11D3-BF4B-00C04F79EFBC}") = "SpecFlowProject1", "SpecFlowProject1\SpecFlowProject1.csproj", "{102F7447-6C67-46EC-B42B-7863593BFCDA}"
EndProject
Global
	GlobalSection(SolutionConfigurationPlatforms) = preSolution
		Debug|Any CPU = Debug|Any CPU
		Release|Any CPU = Release|Any CPU
	EndGlobalSection
	GlobalSection(ProjectConfigurationPlatforms) = postSolution
		{102F7447-6C67-46EC-B42B-7863593BFCDA}.Debug|Any CPU.ActiveCfg = Debug|Any CPU
		{102F7447-6C67-46EC-B42B-7863593BFCDA}.Debug|Any CPU.Build.0 = Debug|Any CPU
		{102F7447-6C67-46EC-B42B-7863593BFCDA}.Release|Any CPU.ActiveCfg = Release|Any CPU
		{102F7447-6C67-46EC-B42B-7863593BFCDA}.Release|Any CPU.Build.0 = Release|Any CPU
	EndGlobalSection
	GlobalSection(SolutionProperties) = preSolution
		HideSolutionNode = FALSE
	EndGlobalSection
	GlobalSection(ExtensibilityGlobals) = postSolution
		SolutionGuid = {130D6D57-B674-4AC8-90AF-A9C1FA9CE7D3}
	EndGlobalSection
EndGlobal
